# THIS IS AN AUTOGENERATED FILE. DO NOT EDIT THIS FILE DIRECTLY.
# yarn lockfile v1


"@wuchuhengtools/promise-router@^0.0.12":
  version "0.0.12"
  resolved "https://registry.yarnpkg.com/@wuchuhengtools/promise-router/-/promise-router-0.0.12.tgz#5de7da4cd49319f6bc44ae54ab3541c717bf93d9"
  integrity sha512-Xc8cRM/SwoV/7LVPvi8/zcPASBPPsWuIPOyv2rspNbjgNvh4sHVYe5M5oxKdUHzoFsqRfiOcWrpHqz19F9Mmig==

typescript@^4.2.3:
  version "4.2.3"
  resolved "https://registry.yarnpkg.com/typescript/-/typescript-4.2.3.tgz#39062d8019912d43726298f09493d598048c1ce3"
  integrity sha512-qOcYwxaByStAWrBf4x0fibwZvMRG+r4cQoTjbPtUlrWjBHbmCAww1i448U0GJ+3cNNEtebDteo/cHOR3xJ4wEw==
